
Microsoft Visual Studio Solution File, Format Version 12.00
# Visual Studio 15
VisualStudioVersion = 15.0.26124.0
MinimumVisualStudioVersion = 15.0.26124.0
Project("{9A19103F-16F7-4668-BE54-9A1E7A4F7556}") = "Contoso.University", "samples\Contoso.University\Contoso.University.csproj", "{33A20DEF-166E-4E8A-89F1-71D4D37E16B1}"
EndProject
Project("{2150E333-8FDC-42A3-9474-1A3956D46DE8}") = "samples", "samples", "{041A88D4-A23B-4A59-92C5-EE26760FA04E}"
EndProject
Project("{9A19103F-16F7-4668-BE54-9A1E7A4F7556}") = "Zek.Model", "src\Zek.Model\Zek.Model.csproj", "{883B03E4-9552-4EC5-994C-106C71016D49}"
EndProject
Project("{9A19103F-16F7-4668-BE54-9A1E7A4F7556}") = "Zek.Api", "src\Zek.Api\Zek.Api.csproj", "{CC7916B1-2A02-4418-B675-0793DFABAED9}"
EndProject
Project("{FAE04EC0-301F-11D3-BF4B-00C04F79EFBC}") = "Contoso.University.IntegrationTests", "samples\Contoso.University.IntegrationTests\Contoso.University.IntegrationTests.csproj", "{1A296894-1618-4128-94A1-55274777E7DC}"
EndProject
Global
	GlobalSection(SolutionConfigurationPlatforms) = preSolution
		Debug|Any CPU = Debug|Any CPU
		Debug|x64 = Debug|x64
		Debug|x86 = Debug|x86
		Release|Any CPU = Release|Any CPU
		Release|x64 = Release|x64
		Release|x86 = Release|x86
	EndGlobalSection
	GlobalSection(ProjectConfigurationPlatforms) = postSolution
		{33A20DEF-166E-4E8A-89F1-71D4D37E16B1}.Debug|Any CPU.ActiveCfg = Debug|Any CPU
		{33A20DEF-166E-4E8A-89F1-71D4D37E16B1}.Debug|Any CPU.Build.0 = Debug|Any CPU
		{33A20DEF-166E-4E8A-89F1-71D4D37E16B1}.Debug|x64.ActiveCfg = Debug|Any CPU
		{33A20DEF-166E-4E8A-89F1-71D4D37E16B1}.Debug|x64.Build.0 = Debug|Any CPU
		{33A20DEF-166E-4E8A-89F1-71D4D37E16B1}.Debug|x86.ActiveCfg = Debug|Any CPU
		{33A20DEF-166E-4E8A-89F1-71D4D37E16B1}.Debug|x86.Build.0 = Debug|Any CPU
		{33A20DEF-166E-4E8A-89F1-71D4D37E16B1}.Release|Any CPU.ActiveCfg = Release|Any CPU
		{33A20DEF-166E-4E8A-89F1-71D4D37E16B1}.Release|Any CPU.Build.0 = Release|Any CPU
		{33A20DEF-166E-4E8A-89F1-71D4D37E16B1}.Release|x64.ActiveCfg = Release|Any CPU
		{33A20DEF-166E-4E8A-89F1-71D4D37E16B1}.Release|x64.Build.0 = Release|Any CPU
		{33A20DEF-166E-4E8A-89F1-71D4D37E16B1}.Release|x86.ActiveCfg = Release|Any CPU
		{33A20DEF-166E-4E8A-89F1-71D4D37E16B1}.Release|x86.Build.0 = Release|Any CPU
		{883B03E4-9552-4EC5-994C-106C71016D49}.Debug|Any CPU.ActiveCfg = Debug|Any CPU
		{883B03E4-9552-4EC5-994C-106C71016D49}.Debug|Any CPU.Build.0 = Debug|Any CPU
		{883B03E4-9552-4EC5-994C-106C71016D49}.Debug|x64.ActiveCfg = Debug|Any CPU
		{883B03E4-9552-4EC5-994C-106C71016D49}.Debug|x64.Build.0 = Debug|Any CPU
		{883B03E4-9552-4EC5-994C-106C71016D49}.Debug|x86.ActiveCfg = Debug|Any CPU
		{883B03E4-9552-4EC5-994C-106C71016D49}.Debug|x86.Build.0 = Debug|Any CPU
		{883B03E4-9552-4EC5-994C-106C71016D49}.Release|Any CPU.ActiveCfg = Release|Any CPU
		{883B03E4-9552-4EC5-994C-106C71016D49}.Release|Any CPU.Build.0 = Release|Any CPU
		{883B03E4-9552-4EC5-994C-106C71016D49}.Release|x64.ActiveCfg = Release|Any CPU
		{883B03E4-9552-4EC5-994C-106C71016D49}.Release|x64.Build.0 = Release|Any CPU
		{883B03E4-9552-4EC5-994C-106C71016D49}.Release|x86.ActiveCfg = Release|Any CPU
		{883B03E4-9552-4EC5-994C-106C71016D49}.Release|x86.Build.0 = Release|Any CPU
		{CC7916B1-2A02-4418-B675-0793DFABAED9}.Debug|Any CPU.ActiveCfg = Debug|Any CPU
		{CC7916B1-2A02-4418-B675-0793DFABAED9}.Debug|Any CPU.Build.0 = Debug|Any CPU
		{CC7916B1-2A02-4418-B675-0793DFABAED9}.Debug|x64.ActiveCfg = Debug|Any CPU
		{CC7916B1-2A02-4418-B675-0793DFABAED9}.Debug|x64.Build.0 = Debug|Any CPU
		{CC7916B1-2A02-4418-B675-0793DFABAED9}.Debug|x86.ActiveCfg = Debug|Any CPU
		{CC7916B1-2A02-4418-B675-0793DFABAED9}.Debug|x86.Build.0 = Debug|Any CPU
		{CC7916B1-2A02-4418-B675-0793DFABAED9}.Release|Any CPU.ActiveCfg = Release|Any CPU
		{CC7916B1-2A02-4418-B675-0793DFABAED9}.Release|Any CPU.Build.0 = Release|Any CPU
		{CC7916B1-2A02-4418-B675-0793DFABAED9}.Release|x64.ActiveCfg = Release|Any CPU
		{CC7916B1-2A02-4418-B675-0793DFABAED9}.Release|x64.Build.0 = Release|Any CPU
		{CC7916B1-2A02-4418-B675-0793DFABAED9}.Release|x86.ActiveCfg = Release|Any CPU
		{CC7916B1-2A02-4418-B675-0793DFABAED9}.Release|x86.Build.0 = Release|Any CPU
		{1A296894-1618-4128-94A1-55274777E7DC}.Debug|Any CPU.ActiveCfg = Debug|Any CPU
		{1A296894-1618-4128-94A1-55274777E7DC}.Debug|Any CPU.Build.0 = Debug|Any CPU
		{1A296894-1618-4128-94A1-55274777E7DC}.Debug|x64.ActiveCfg = Debug|Any CPU
		{1A296894-1618-4128-94A1-55274777E7DC}.Debug|x64.Build.0 = Debug|Any CPU
		{1A296894-1618-4128-94A1-55274777E7DC}.Debug|x86.ActiveCfg = Debug|Any CPU
		{1A296894-1618-4128-94A1-55274777E7DC}.Debug|x86.Build.0 = Debug|Any CPU
		{1A296894-1618-4128-94A1-55274777E7DC}.Release|Any CPU.ActiveCfg = Release|Any CPU
		{1A296894-1618-4128-94A1-55274777E7DC}.Release|Any CPU.Build.0 = Release|Any CPU
		{1A296894-1618-4128-94A1-55274777E7DC}.Release|x64.ActiveCfg = Release|Any CPU
		{1A296894-1618-4128-94A1-55274777E7DC}.Release|x64.Build.0 = Release|Any CPU
		{1A296894-1618-4128-94A1-55274777E7DC}.Release|x86.ActiveCfg = Release|Any CPU
		{1A296894-1618-4128-94A1-55274777E7DC}.Release|x86.Build.0 = Release|Any CPU
	EndGlobalSection
	GlobalSection(SolutionProperties) = preSolution
		HideSolutionNode = FALSE
	EndGlobalSection
	GlobalSection(NestedProjects) = preSolution
		{33A20DEF-166E-4E8A-89F1-71D4D37E16B1} = {041A88D4-A23B-4A59-92C5-EE26760FA04E}
		{1A296894-1618-4128-94A1-55274777E7DC} = {041A88D4-A23B-4A59-92C5-EE26760FA04E}
	EndGlobalSection
	GlobalSection(ExtensibilityGlobals) = postSolution
		SolutionGuid = {363198CC-5CCC-4C47-AA35-78D706497223}
	EndGlobalSection
EndGlobal
